
Microsoft Visual Studio Solution File, Format Version 12.00
# Visual Studio Version 17
VisualStudioVersion = 17.14.36202.13
MinimumVisualStudioVersion = 10.0.40219.1
Project("{FAE04EC0-301F-11D3-BF4B-00C04F79EFBC}") = "primoficial", "primoficial.csproj", "{625F04B3-5814-4F9E-8BBD-E2F0553840CE}"
EndProject
Project("{2150E333-8FDC-42A3-9474-1A3956D46DE8}") = "Itens de Solução", "Itens de Solução", "{380A7511-A354-6D7A-0CC0-8FA1F1BA7B6C}"
	ProjectSection(SolutionItems) = preProject
		TextFile1.txt = TextFile1.txt
	EndProjectSection
EndProject
Global
	GlobalSection(SolutionConfigurationPlatforms) = preSolution
		Debug|Any CPU = Debug|Any CPU
		Release|Any CPU = Release|Any CPU
	EndGlobalSection
	GlobalSection(ProjectConfigurationPlatforms) = postSolution
		{625F04B3-5814-4F9E-8BBD-E2F0553840CE}.Debug|Any CPU.ActiveCfg = Debug|Any CPU
		{625F04B3-5814-4F9E-8BBD-E2F0553840CE}.Debug|Any CPU.Build.0 = Debug|Any CPU
		{625F04B3-5814-4F9E-8BBD-E2F0553840CE}.Release|Any CPU.ActiveCfg = Release|Any CPU
		{625F04B3-5814-4F9E-8BBD-E2F0553840CE}.Release|Any CPU.Build.0 = Release|Any CPU
	EndGlobalSection
	GlobalSection(SolutionProperties) = preSolution
		HideSolutionNode = FALSE
	EndGlobalSection
	GlobalSection(ExtensibilityGlobals) = postSolution
		SolutionGuid = {020CE312-3809-4A4A-A498-6B1F136178A7}
	EndGlobalSection
EndGlobal
